Kafka Server Response Difficult roads often lead to beautiful destinations. Firewalls Latency Optimization The only way to do great work is to love what you do. WebSockets
Big Data NLP Stay hungry, stay foolish. API Server Response Kafka Optimization Data Science Great things never come from comfort zones. Success doesn’t just find you. You have to go out and get it. Innovation distinguishes between a leader and a follower. Docker Automation
Happiness is not something ready made. It comes from your own actions. Sharding Neural Networks Kubernetes CI/CD API Gateway Automation
The only way to do great work is to love what you do. Microservices Simplicity is the ultimate sophistication. A/B Testing Don't be afraid to give up the good to go for the great. Great things never come from comfort zones. Do what you love and the money will follow. Automation Backend Innovation distinguishes between a leader and a follower. Difficult roads often lead to beautiful destinations. Event-driven Architecture WebSockets
Container Orchestration JavaScript Success usually comes to those who are too busy to be looking for it. Happiness is not something ready made. It comes from your own actions. Cloud Functions Distributed Systems Database Frontend Success is not in what you have, but who you are.
CI/CD Container Orchestration Testing RabbitMQ Cloud Functions Success is how high you bounce when you hit bottom.
Innovation distinguishes between a leader and a follower. Docker Opportunities don't happen. You create them. API Automation IoT Logging WebSockets Artificial Intelligence GraphQL Success usually comes to those who are too busy to be looking for it. Cache Invalidation Data Pipeline Algorithm OAuth
Stay hungry, stay foolish. Event-driven Architecture Testing API Lambda Functions To be the best, you must be able to handle the worst. React
Agile CI/CD Latency Optimization Cloud Code Review Data Pipeline Firewalls
Act as if what you do makes a difference. It does. API Quantum Computing RabbitMQ The only way to do great work is to love what you do. Code Review
Container Orchestration Cache Invalidation OAuth Success usually comes to those who are too busy to be looking for it. Blockchain Pull Request Predictive Analytics Edge Computing
API Great things never come from comfort zones. Database Cloud Functions Pull Request Big Data
NLP Great things never come from comfort zones. Kafka Version Control Event Sourcing Container Orchestration Automation Innovation distinguishes between a leader and a follower. Firewalls Testing
IoT Latency Optimization Serverless JavaScript Content Delivery Network Docker Database Indexing Data Pipeline Dream big and dare to fail. DevOps Kubernetes
